
Microsoft Visual Studio Solution File, Format Version 12.00
Project("{FAE04EC0-301F-11D3-BF4B-00C04F79EFBC}") = "EquiLog", "EquiLog.csproj", "{89D6D541-A617-4B1E-B950-5D2A9AAF64B2}"
EndProject
Global
	GlobalSection(SolutionConfigurationPlatforms) = preSolution
		Debug|Any CPU = Debug|Any CPU
		Release|Any CPU = Release|Any CPU
	EndGlobalSection
	GlobalSection(ProjectConfigurationPlatforms) = postSolution
		{89D6D541-A617-4B1E-B950-5D2A9AAF64B2}.Debug|Any CPU.ActiveCfg = Debug|Any CPU
		{89D6D541-A617-4B1E-B950-5D2A9AAF64B2}.Debug|Any CPU.Build.0 = Debug|Any CPU
		{89D6D541-A617-4B1E-B950-5D2A9AAF64B2}.Release|Any CPU.ActiveCfg = Release|Any CPU
		{89D6D541-A617-4B1E-B950-5D2A9AAF64B2}.Release|Any CPU.Build.0 = Release|Any CPU
	EndGlobalSection
EndGlobal
